
Microsoft Visual Studio Solution File, Format Version 12.00
# Visual Studio Version 17
VisualStudioVersion = 17.8.34330.188
MinimumVisualStudioVersion = 10.0.40219.1
Project("{8BC9CEB8-8B4A-11D0-8D11-00A0C91BC942}") = "Project1", "Project1\Project1.vcxproj", "{EE0ED548-6839-48AB-8A02-F3B88852B734}"
EndProject
Global
	GlobalSection(SolutionConfigurationPlatforms) = preSolution
		Debug|x64 = Debug|x64
		Debug|x86 = Debug|x86
		Release|x64 = Release|x64
		Release|x86 = Release|x86
	EndGlobalSection
	GlobalSection(ProjectConfigurationPlatforms) = postSolution
		{EE0ED548-6839-48AB-8A02-F3B88852B734}.Debug|x64.ActiveCfg = Debug|x64
		{EE0ED548-6839-48AB-8A02-F3B88852B734}.Debug|x64.Build.0 = Debug|x64
		{EE0ED548-6839-48AB-8A02-F3B88852B734}.Debug|x86.ActiveCfg = Debug|Win32
		{EE0ED548-6839-48AB-8A02-F3B88852B734}.Debug|x86.Build.0 = Debug|Win32
		{EE0ED548-6839-48AB-8A02-F3B88852B734}.Release|x64.ActiveCfg = Release|x64
		{EE0ED548-6839-48AB-8A02-F3B88852B734}.Release|x64.Build.0 = Release|x64
		{EE0ED548-6839-48AB-8A02-F3B88852B734}.Release|x86.ActiveCfg = Release|Win32
		{EE0ED548-6839-48AB-8A02-F3B88852B734}.Release|x86.Build.0 = Release|Win32
	EndGlobalSection
	GlobalSection(SolutionProperties) = preSolution
		HideSolutionNode = FALSE
	EndGlobalSection
	GlobalSection(ExtensibilityGlobals) = postSolution
		SolutionGuid = {048C0D5D-21BF-4A2B-8906-B84B2B42C9DD}
	EndGlobalSection
EndGlobal
